
Microsoft Visual Studio Solution File, Format Version 12.00
# Visual Studio 2013
VisualStudioVersion = 12.0.31101.0
MinimumVisualStudioVersion = 10.0.40219.1
Project("{FAE04EC0-301F-11D3-BF4B-00C04F79EFBC}") = "ExpenseAPI.RESTAPI", "ExpenseAPI.RESTAPI\ExpenseAPI.RESTAPI.csproj", "{BBD9FF1C-8EC8-4C7A-B90F-97A7B969CAD2}"
EndProject
Project("{2150E333-8FDC-42A3-9474-1A3956D46DE8}") = "Properties", "Properties", "{E8D449CD-3964-409A-AE84-70DAF5479103}"
	ProjectSection(SolutionItems) = preProject
		Properties\SolutionInfo.cs = Properties\SolutionInfo.cs
	EndProjectSection
EndProject
Project("{2150E333-8FDC-42A3-9474-1A3956D46DE8}") = "Git", "Git", "{AB179BD7-B232-4151-AD0D-77DC85F1B852}"
	ProjectSection(SolutionItems) = preProject
		.gitattributes = .gitattributes
		.gitignore = .gitignore
		README.md = README.md
	EndProjectSection
EndProject
Project("{FAE04EC0-301F-11D3-BF4B-00C04F79EFBC}") = "ExpenseAPI.BusinessLogic", "ExpenseAPI.BusinessLogic\ExpenseAPI.BusinessLogic.csproj", "{3B0638B8-ED3C-49BB-AB3F-DD1740B15F8F}"
EndProject
Project("{FAE04EC0-301F-11D3-BF4B-00C04F79EFBC}") = "ExpenseAPI.Common", "ExpenseAPI.Common\ExpenseAPI.Common.csproj", "{D6671140-0252-45BA-8873-A023CA42FC56}"
EndProject
Project("{FAE04EC0-301F-11D3-BF4B-00C04F79EFBC}") = "ExpenseAPI.Models", "ExpenseAPI.Models\ExpenseAPI.Models.csproj", "{8AC9E6AB-D3F3-4459-B63D-6D55276DD11B}"
EndProject
Project("{2150E333-8FDC-42A3-9474-1A3956D46DE8}") = "Database", "Database", "{A8DAF846-DB5B-4FBB-BB0A-B2D1B7B7C7E3}"
	ProjectSection(SolutionItems) = preProject
		Database\CreateDatabase.sql = Database\CreateDatabase.sql
		Database\CreateInitialData.sql = Database\CreateInitialData.sql
		Database\Install.bat = Database\Install.bat
		Database\Install.sql = Database\Install.sql
	EndProjectSection
EndProject
Global
	GlobalSection(SolutionConfigurationPlatforms) = preSolution
		Debug|Any CPU = Debug|Any CPU
		Release|Any CPU = Release|Any CPU
	EndGlobalSection
	GlobalSection(ProjectConfigurationPlatforms) = postSolution
		{BBD9FF1C-8EC8-4C7A-B90F-97A7B969CAD2}.Debug|Any CPU.ActiveCfg = Debug|Any CPU
		{BBD9FF1C-8EC8-4C7A-B90F-97A7B969CAD2}.Debug|Any CPU.Build.0 = Debug|Any CPU
		{BBD9FF1C-8EC8-4C7A-B90F-97A7B969CAD2}.Release|Any CPU.ActiveCfg = Release|Any CPU
		{BBD9FF1C-8EC8-4C7A-B90F-97A7B969CAD2}.Release|Any CPU.Build.0 = Release|Any CPU
		{3B0638B8-ED3C-49BB-AB3F-DD1740B15F8F}.Debug|Any CPU.ActiveCfg = Debug|Any CPU
		{3B0638B8-ED3C-49BB-AB3F-DD1740B15F8F}.Debug|Any CPU.Build.0 = Debug|Any CPU
		{3B0638B8-ED3C-49BB-AB3F-DD1740B15F8F}.Release|Any CPU.ActiveCfg = Release|Any CPU
		{3B0638B8-ED3C-49BB-AB3F-DD1740B15F8F}.Release|Any CPU.Build.0 = Release|Any CPU
		{D6671140-0252-45BA-8873-A023CA42FC56}.Debug|Any CPU.ActiveCfg = Debug|Any CPU
		{D6671140-0252-45BA-8873-A023CA42FC56}.Debug|Any CPU.Build.0 = Debug|Any CPU
		{D6671140-0252-45BA-8873-A023CA42FC56}.Release|Any CPU.ActiveCfg = Release|Any CPU
		{D6671140-0252-45BA-8873-A023CA42FC56}.Release|Any CPU.Build.0 = Release|Any CPU
		{8AC9E6AB-D3F3-4459-B63D-6D55276DD11B}.Debug|Any CPU.ActiveCfg = Debug|Any CPU
		{8AC9E6AB-D3F3-4459-B63D-6D55276DD11B}.Debug|Any CPU.Build.0 = Debug|Any CPU
		{8AC9E6AB-D3F3-4459-B63D-6D55276DD11B}.Release|Any CPU.ActiveCfg = Release|Any CPU
		{8AC9E6AB-D3F3-4459-B63D-6D55276DD11B}.Release|Any CPU.Build.0 = Release|Any CPU
	EndGlobalSection
	GlobalSection(SolutionProperties) = preSolution
		HideSolutionNode = FALSE
	EndGlobalSection
EndGlobal
